// !$*UTF8*$!
{
	archiveVersion = 1;
	classes = {
	};
	objectVersion = 51;
	objects = {

/* Begin PBXBuildFile section */
		0110AACF9C416E9B4DA4D447 /* libPods-sample.a in Frameworks */ = {isa = PBXBuildFile; fileRef = 7E84C2A4249DFD61C45591BC /* libPods-sample.a */; };
		2C00351D2424B63D0095D3CF /* YSearchView.m in Sources */ = {isa = PBXBuildFile; fileRef = 2C00351C2424B63D0095D3CF /* YSearchView.m */; };
		2C0035232424BF430095D3CF /* YCommentBar.m in Sources */ = {isa = PBXBuildFile; fileRef = 2C0035222424BF430095D3CF /* YCommentBar.m */; };
		2C14E67A23ED536F005D992D /* VideoViewController.m in Sources */ = {isa = PBXBuildFile; fileRef = 2C14E67923ED536F005D992D /* VideoViewController.m */; };
		2C1B6D0C242126400011D969 /* SystemConfiguration.framework in Frameworks */ = {isa = PBXBuildFile; fileRef = 2C1B6D0B242126400011D969 /* SystemConfiguration.framework */; };
		2C1B6D0E2421264B0011D969 /* CoreGraphics.framework in Frameworks */ = {isa = PBXBuildFile; fileRef = 2C1B6D0D2421264B0011D969 /* CoreGraphics.framework */; };
		2C1B6D10242126540011D969 /* CoreTelephony.framework in Frameworks */ = {isa = PBXBuildFile; fileRef = 2C1B6D0F242126540011D969 /* CoreTelephony.framework */; };
		2C1B6D14242127BB0011D969 /* TencentOpenAPI.framework in Frameworks */ = {isa = PBXBuildFile; fileRef = 2C1B6D13242127BB0011D969 /* TencentOpenAPI.framework */; };
		2C20FFC123F64FD0009EF728 /* DeleteDialog.m in Sources */ = {isa = PBXBuildFile; fileRef = 2C20FFC023F64FD0009EF728 /* DeleteDialog.m */; };
		2C23147B242499CE00BEBD57 /* NotificationCenter.framework in Frameworks */ = {isa = PBXBuildFile; fileRef = 2C23147A242499CE00BEBD57 /* NotificationCenter.framework */; };
		2C23147F242499CE00BEBD57 /* TodayViewController.m in Sources */ = {isa = PBXBuildFile; fileRef = 2C23147E242499CE00BEBD57 /* TodayViewController.m */; };
		2C231486242499CE00BEBD57 /* YToday.appex in Embed App Extensions */ = {isa = PBXBuildFile; fileRef = 2C231479242499CE00BEBD57 /* YToday.appex */; settings = {ATTRIBUTES = (RemoveHeadersOnCopy, ); }; };
		2C24359D24285A75001279ED /* BaseViewController.m in Sources */ = {isa = PBXBuildFile; fileRef = 2C24359C24285A75001279ED /* BaseViewController.m */; };
		2C2435A024285B68001279ED /* BaseTableViewController.m in Sources */ = {isa = PBXBuildFile; fileRef = 2C24359F24285B68001279ED /* BaseTableViewController.m */; };
		2C2435A324287CD7001279ED /* MasonryremakeView.m in Sources */ = {isa = PBXBuildFile; fileRef = 2C2435A224287CD7001279ED /* MasonryremakeView.m */; };
		2C2435A624288942001279ED /* MasonryConstantsView.m in Sources */ = {isa = PBXBuildFile; fileRef = 2C2435A524288942001279ED /* MasonryConstantsView.m */; };
		2C2435A924289244001279ED /* MasonrySidesView.m in Sources */ = {isa = PBXBuildFile; fileRef = 2C2435A824289244001279ED /* MasonrySidesView.m */; };
		2C2435AC24289B61001279ED /* MasonryAspectView.m in Sources */ = {isa = PBXBuildFile; fileRef = 2C2435AB24289B61001279ED /* MasonryAspectView.m */; };
		2C2435AF2428B06B001279ED /* MasonryBasicAnimatedView.m in Sources */ = {isa = PBXBuildFile; fileRef = 2C2435AE2428B06B001279ED /* MasonryBasicAnimatedView.m */; };
		2C24C64E23ED135400D906F5 /* AppDelegate.m in Sources */ = {isa = PBXBuildFile; fileRef = 2C24C64D23ED135400D906F5 /* AppDelegate.m */; };
		2C24C65423ED135400D906F5 /* NewsViewController.m in Sources */ = {isa = PBXBuildFile; fileRef = 2C24C65323ED135400D906F5 /* NewsViewController.m */; };
		2C24C65923ED135500D906F5 /* Assets.xcassets in Resources */ = {isa = PBXBuildFile; fileRef = 2C24C65823ED135500D906F5 /* Assets.xcassets */; };
		2C24C65F23ED135500D906F5 /* main.m in Sources */ = {isa = PBXBuildFile; fileRef = 2C24C65E23ED135500D906F5 /* main.m */; };
		2C24C66623ED164D00D906F5 /* icon.bundle in Resources */ = {isa = PBXBuildFile; fileRef = 2C24C66523ED164D00D906F5 /* icon.bundle */; };
		2C5B838D2419D18D00B5102A /* VideoListLoader.m in Sources */ = {isa = PBXBuildFile; fileRef = 2C5B838C2419D18D00B5102A /* VideoListLoader.m */; };
		2C5B8391241A874600B5102A /* YVideoPlayer.m in Sources */ = {isa = PBXBuildFile; fileRef = 2C5B8390241A874600B5102A /* YVideoPlayer.m */; };
		2C74E61F2420960C00473C98 /* YMediator.m in Sources */ = {isa = PBXBuildFile; fileRef = 2C74E61E2420960C00473C98 /* YMediator.m */; };
		2C78FBE524235B66006A7E60 /* YNotification.m in Sources */ = {isa = PBXBuildFile; fileRef = 2C78FBE424235B66006A7E60 /* YNotification.m */; };
		2C78FBE8242466C7006A7E60 /* ICONBLACK.png in Resources */ = {isa = PBXBuildFile; fileRef = 2C78FBE7242466C7006A7E60 /* ICONBLACK.png */; };
		2C7E5AF02400BA980046D891 /* IndexListLoader.m in Sources */ = {isa = PBXBuildFile; fileRef = 2C7E5AEF2400BA980046D891 /* IndexListLoader.m */; };
		2CBDA65A241C894A009C6D4C /* VideoToolBar.m in Sources */ = {isa = PBXBuildFile; fileRef = 2CBDA659241C894A009C6D4C /* VideoToolBar.m */; };
		2CBDA65D241D2FEF009C6D4C /* YUIScreen.m in Sources */ = {isa = PBXBuildFile; fileRef = 2CBDA65C241D2FEF009C6D4C /* YUIScreen.m */; };
		2CBDD04E2404D5A400AF1943 /* NewsItem.m in Sources */ = {isa = PBXBuildFile; fileRef = 2CBDD04C2404D5A400AF1943 /* NewsItem.m */; };
		2CBE78432424FE5B00CFC811 /* RecommendSectionController.m in Sources */ = {isa = PBXBuildFile; fileRef = 2CBE78422424FE5B00CFC811 /* RecommendSectionController.m */; };
		2CBE78462425C69200CFC811 /* YTabBarViewController.m in Sources */ = {isa = PBXBuildFile; fileRef = 2CBE78452425C69200CFC811 /* YTabBarViewController.m */; };
		2CC6A522241F631C007A13CA /* SplashView.m in Sources */ = {isa = PBXBuildFile; fileRef = 2CC6A521241F631C007A13CA /* SplashView.m */; };
		2CD1F62D2418926D006BEFB2 /* VideoListCell.m in Sources */ = {isa = PBXBuildFile; fileRef = 2CD1F62C2418926D006BEFB2 /* VideoListCell.m */; };
		2CD1F631241892F9006BEFB2 /* Video.m in Sources */ = {isa = PBXBuildFile; fileRef = 2CD1F630241892F9006BEFB2 /* Video.m */; };
		2CD473D42429C95C00545692 /* MasonryArrView.m in Sources */ = {isa = PBXBuildFile; fileRef = 2CD473D32429C95C00545692 /* MasonryArrView.m */; };
		2CD473D72429DADF00545692 /* MasonryMarginView.m in Sources */ = {isa = PBXBuildFile; fileRef = 2CD473D62429DADF00545692 /* MasonryMarginView.m */; };
		2CD473DA2429E0F800545692 /* MasonryDistributeView.m in Sources */ = {isa = PBXBuildFile; fileRef = 2CD473D92429E0F800545692 /* MasonryDistributeView.m */; };
		2CD6739F23EE587D000F6ABF /* RecommendViewController.m in Sources */ = {isa = PBXBuildFile; fileRef = 2CD6739E23EE587D000F6ABF /* RecommendViewController.m */; };
		2CD673A223EE9453000F6ABF /* NewsTableViewCell.m in Sources */ = {isa = PBXBuildFile; fileRef = 2CD673A123EE9453000F6ABF /* NewsTableViewCell.m */; };
		2CD673A523F1049D000F6ABF /* MineViewController.m in Sources */ = {isa = PBXBuildFile; fileRef = 2CD673A423F1049D000F6ABF /* MineViewController.m */; };
		2CD673A823F1173D000F6ABF /* NewsDetailViewController.m in Sources */ = {isa = PBXBuildFile; fileRef = 2CD673A723F1173D000F6ABF /* NewsDetailViewController.m */; };
		2CD93733242254E700F90BFF /* QQLogin.m in Sources */ = {isa = PBXBuildFile; fileRef = 2CD93732242254E700F90BFF /* QQLogin.m */; };
		2CD9373724226EC400F90BFF /* UIImageView+Circle.m in Sources */ = {isa = PBXBuildFile; fileRef = 2CD9373624226EC400F90BFF /* UIImageView+Circle.m */; };
		2CD9373D24234BEF00F90BFF /* YLocation.m in Sources */ = {isa = PBXBuildFile; fileRef = 2CD9373C24234BEF00F90BFF /* YLocation.m */; };
		2CEBB4F424264AE90032B425 /* MasonryExampleViewController.m in Sources */ = {isa = PBXBuildFile; fileRef = 2CEBB4F324264AE90032B425 /* MasonryExampleViewController.m */; };
		2CEBB4FA24264C640032B425 /* MasonryListTableViewController.m in Sources */ = {isa = PBXBuildFile; fileRef = 2CEBB4F924264C640032B425 /* MasonryListTableViewController.m */; };
		2CEBB4FE24264F4E0032B425 /* MasonryBasicView.m in Sources */ = {isa = PBXBuildFile; fileRef = 2CEBB4FD24264F4E0032B425 /* MasonryBasicView.m */; };
		2CFCE8682429A5F100D7E6A3 /* MasonryScrollView.m in Sources */ = {isa = PBXBuildFile; fileRef = 2CFCE8672429A5F100D7E6A3 /* MasonryScrollView.m */; };
/* End PBXBuildFile section */

/* Begin PBXContainerItemProxy section */
		2C231484242499CE00BEBD57 /* PBXContainerItemProxy */ = {
			isa = PBXContainerItemProxy;
			containerPortal = 2C24C64123ED135400D906F5 /* Project object */;
			proxyType = 1;
			remoteGlobalIDString = 2C231478242499CE00BEBD57;
			remoteInfo = YToday;
		};
/* End PBXContainerItemProxy section */

/* Begin PBXCopyFilesBuildPhase section */
		2C23148A242499CE00BEBD57 /* Embed App Extensions */ = {
			isa = PBXCopyFilesBuildPhase;
			buildActionMask = 2147483647;
			dstPath = "";
			dstSubfolderSpec = 13;
			files = (
				2C231486242499CE00BEBD57 /* YToday.appex in Embed App Extensions */,
			);
			name = "Embed App Extensions";
			runOnlyForDeploymentPostprocessing = 0;
		};
/* End PBXCopyFilesBuildPhase section */

/* Begin PBXFileReference section */
		0D3FC53CB3589E7DE34A22ED /* Pods-sample.release.xcconfig */ = {isa = PBXFileReference; includeInIndex = 1; lastKnownFileType = text.xcconfig; name = "Pods-sample.release.xcconfig"; path = "Target Support Files/Pods-sample/Pods-sample.release.xcconfig"; sourceTree = "<group>"; };
		1F2B4BCB09D4842EA36444F9 /* Pods-sample.debug.xcconfig */ = {isa = PBXFileReference; includeInIndex = 1; lastKnownFileType = text.xcconfig; name = "Pods-sample.debug.xcconfig"; path = "Target Support Files/Pods-sample/Pods-sample.debug.xcconfig"; sourceTree = "<group>"; };
		2C00351B2424B63D0095D3CF /* YSearchView.h */ = {isa = PBXFileReference; lastKnownFileType = sourcecode.c.h; path = YSearchView.h; sourceTree = "<group>"; };
		2C00351C2424B63D0095D3CF /* YSearchView.m */ = {isa = PBXFileReference; lastKnownFileType = sourcecode.c.objc; path = YSearchView.m; sourceTree = "<group>"; };
		2C0035212424BF430095D3CF /* YCommentBar.h */ = {isa = PBXFileReference; lastKnownFileType = sourcecode.c.h; path = YCommentBar.h; sourceTree = "<group>"; };
		2C0035222424BF430095D3CF /* YCommentBar.m */ = {isa = PBXFileReference; lastKnownFileType = sourcecode.c.objc; path = YCommentBar.m; sourceTree = "<group>"; };
		2C14E67823ED536F005D992D /* VideoViewController.h */ = {isa = PBXFileReference; lastKnownFileType = sourcecode.c.h; path = VideoViewController.h; sourceTree = "<group>"; };
		2C14E67923ED536F005D992D /* VideoViewController.m */ = {isa = PBXFileReference; lastKnownFileType = sourcecode.c.objc; path = VideoViewController.m; sourceTree = "<group>"; };
		2C1B6D0B242126400011D969 /* SystemConfiguration.framework */ = {isa = PBXFileReference; lastKnownFileType = wrapper.framework; name = SystemConfiguration.framework; path = System/Library/Frameworks/SystemConfiguration.framework; sourceTree = SDKROOT; };
		2C1B6D0D2421264B0011D969 /* CoreGraphics.framework */ = {isa = PBXFileReference; lastKnownFileType = wrapper.framework; name = CoreGraphics.framework; path = System/Library/Frameworks/CoreGraphics.framework; sourceTree = SDKROOT; };
		2C1B6D0F242126540011D969 /* CoreTelephony.framework */ = {isa = PBXFileReference; lastKnownFileType = wrapper.framework; name = CoreTelephony.framework; path = System/Library/Frameworks/CoreTelephony.framework; sourceTree = SDKROOT; };
		2C1B6D112421270B0011D969 /* libiconv.tbd */ = {isa = PBXFileReference; lastKnownFileType = "sourcecode.text-based-dylib-definition"; name = libiconv.tbd; path = usr/lib/libiconv.tbd; sourceTree = SDKROOT; };
		2C1B6D12242127120011D969 /* libsqlite3.tbd */ = {isa = PBXFileReference; lastKnownFileType = "sourcecode.text-based-dylib-definition"; name = libsqlite3.tbd; path = usr/lib/libsqlite3.tbd; sourceTree = SDKROOT; };
		2C1B6D13242127BB0011D969 /* TencentOpenAPI.framework */ = {isa = PBXFileReference; lastKnownFileType = wrapper.framework; path = TencentOpenAPI.framework; sourceTree = "<group>"; };
		2C20FFBF23F64FD0009EF728 /* DeleteDialog.h */ = {isa = PBXFileReference; lastKnownFileType = sourcecode.c.h; path = DeleteDialog.h; sourceTree = "<group>"; };
		2C20FFC023F64FD0009EF728 /* DeleteDialog.m */ = {isa = PBXFileReference; lastKnownFileType = sourcecode.c.objc; path = DeleteDialog.m; sourceTree = "<group>"; };
		2C231479242499CE00BEBD57 /* YToday.appex */ = {isa = PBXFileReference; explicitFileType = "wrapper.app-extension"; includeInIndex = 0; path = YToday.appex; sourceTree = BUILT_PRODUCTS_DIR; };
		2C23147A242499CE00BEBD57 /* NotificationCenter.framework */ = {isa = PBXFileReference; lastKnownFileType = wrapper.framework; name = NotificationCenter.framework; path = System/Library/Frameworks/NotificationCenter.framework; sourceTree = SDKROOT; };
		2C23147D242499CE00BEBD57 /* TodayViewController.h */ = {isa = PBXFileReference; lastKnownFileType = sourcecode.c.h; path = TodayViewController.h; sourceTree = "<group>"; };
		2C23147E242499CE00BEBD57 /* TodayViewController.m */ = {isa = PBXFileReference; lastKnownFileType = sourcecode.c.objc; path = TodayViewController.m; sourceTree = "<group>"; };
		2C231483242499CE00BEBD57 /* Info.plist */ = {isa = PBXFileReference; lastKnownFileType = text.plist.xml; path = Info.plist; sourceTree = "<group>"; };
		2C23148B24249B7500BEBD57 /* YToday.entitlements */ = {isa = PBXFileReference; lastKnownFileType = text.plist.entitlements; path = YToday.entitlements; sourceTree = "<group>"; };
		2C24359B24285A75001279ED /* BaseViewController.h */ = {isa = PBXFileReference; lastKnownFileType = sourcecode.c.h; path = BaseViewController.h; sourceTree = "<group>"; };
		2C24359C24285A75001279ED /* BaseViewController.m */ = {isa = PBXFileReference; lastKnownFileType = sourcecode.c.objc; path = BaseViewController.m; sourceTree = "<group>"; };
		2C24359E24285B68001279ED /* BaseTableViewController.h */ = {isa = PBXFileReference; lastKnownFileType = sourcecode.c.h; path = BaseTableViewController.h; sourceTree = "<group>"; };
		2C24359F24285B68001279ED /* BaseTableViewController.m */ = {isa = PBXFileReference; lastKnownFileType = sourcecode.c.objc; path = BaseTableViewController.m; sourceTree = "<group>"; };
		2C2435A124287CD7001279ED /* MasonryremakeView.h */ = {isa = PBXFileReference; lastKnownFileType = sourcecode.c.h; path = MasonryremakeView.h; sourceTree = "<group>"; };
		2C2435A224287CD7001279ED /* MasonryremakeView.m */ = {isa = PBXFileReference; lastKnownFileType = sourcecode.c.objc; path = MasonryremakeView.m; sourceTree = "<group>"; };
		2C2435A424288942001279ED /* MasonryConstantsView.h */ = {isa = PBXFileReference; lastKnownFileType = sourcecode.c.h; path = MasonryConstantsView.h; sourceTree = "<group>"; };
		2C2435A524288942001279ED /* MasonryConstantsView.m */ = {isa = PBXFileReference; lastKnownFileType = sourcecode.c.objc; path = MasonryConstantsView.m; sourceTree = "<group>"; };
		2C2435A724289244001279ED /* MasonrySidesView.h */ = {isa = PBXFileReference; lastKnownFileType = sourcecode.c.h; path = MasonrySidesView.h; sourceTree = "<group>"; };
		2C2435A824289244001279ED /* MasonrySidesView.m */ = {isa = PBXFileReference; lastKnownFileType = sourcecode.c.objc; path = MasonrySidesView.m; sourceTree = "<group>"; };
		2C2435AA24289B61001279ED /* MasonryAspectView.h */ = {isa = PBXFileReference; lastKnownFileType = sourcecode.c.h; path = MasonryAspectView.h; sourceTree = "<group>"; };
		2C2435AB24289B61001279ED /* MasonryAspectView.m */ = {isa = PBXFileReference; lastKnownFileType = sourcecode.c.objc; path = MasonryAspectView.m; sourceTree = "<group>"; };
		2C2435AD2428B06B001279ED /* MasonryBasicAnimatedView.h */ = {isa = PBXFileReference; lastKnownFileType = sourcecode.c.h; path = MasonryBasicAnimatedView.h; sourceTree = "<group>"; };
		2C2435AE2428B06B001279ED /* MasonryBasicAnimatedView.m */ = {isa = PBXFileReference; lastKnownFileType = sourcecode.c.objc; path = MasonryBasicAnimatedView.m; sourceTree = "<group>"; };
		2C24C64923ED135400D906F5 /* sample.app */ = {isa = PBXFileReference; explicitFileType = wrapper.application; includeInIndex = 0; path = sample.app; sourceTree = BUILT_PRODUCTS_DIR; };
		2C24C64C23ED135400D906F5 /* AppDelegate.h */ = {isa = PBXFileReference; lastKnownFileType = sourcecode.c.h; path = AppDelegate.h; sourceTree = "<group>"; };
		2C24C64D23ED135400D906F5 /* AppDelegate.m */ = {isa = PBXFileReference; lastKnownFileType = sourcecode.c.objc; path = AppDelegate.m; sourceTree = "<group>"; };
		2C24C65223ED135400D906F5 /* NewsViewController.h */ = {isa = PBXFileReference; lastKnownFileType = sourcecode.c.h; path = NewsViewController.h; sourceTree = "<group>"; };
		2C24C65323ED135400D906F5 /* NewsViewController.m */ = {isa = PBXFileReference; lastKnownFileType = sourcecode.c.objc; path = NewsViewController.m; sourceTree = "<group>"; };
		2C24C65823ED135500D906F5 /* Assets.xcassets */ = {isa = PBXFileReference; lastKnownFileType = folder.assetcatalog; path = Assets.xcassets; sourceTree = "<group>"; };
		2C24C65D23ED135500D906F5 /* Info.plist */ = {isa = PBXFileReference; lastKnownFileType = text.plist.xml; path = Info.plist; sourceTree = "<group>"; };
		2C24C65E23ED135500D906F5 /* main.m */ = {isa = PBXFileReference; lastKnownFileType = sourcecode.c.objc; path = main.m; sourceTree = "<group>"; };
		2C24C66523ED164D00D906F5 /* icon.bundle */ = {isa = PBXFileReference; lastKnownFileType = "wrapper.plug-in"; path = icon.bundle; sourceTree = "<group>"; };
		2C5B838B2419D18D00B5102A /* VideoListLoader.h */ = {isa = PBXFileReference; lastKnownFileType = sourcecode.c.h; path = VideoListLoader.h; sourceTree = "<group>"; };
		2C5B838C2419D18D00B5102A /* VideoListLoader.m */ = {isa = PBXFileReference; lastKnownFileType = sourcecode.c.objc; path = VideoListLoader.m; sourceTree = "<group>"; };
		2C5B838F241A874600B5102A /* YVideoPlayer.h */ = {isa = PBXFileReference; lastKnownFileType = sourcecode.c.h; path = YVideoPlayer.h; sourceTree = "<group>"; };
		2C5B8390241A874600B5102A /* YVideoPlayer.m */ = {isa = PBXFileReference; lastKnownFileType = sourcecode.c.objc; path = YVideoPlayer.m; sourceTree = "<group>"; };
		2C74E61C2420872400473C98 /* sample.entitlements */ = {isa = PBXFileReference; lastKnownFileType = text.plist.entitlements; path = sample.entitlements; sourceTree = "<group>"; };
		2C74E61D2420960C00473C98 /* YMediator.h */ = {isa = PBXFileReference; lastKnownFileType = sourcecode.c.h; path = YMediator.h; sourceTree = "<group>"; };
		2C74E61E2420960C00473C98 /* YMediator.m */ = {isa = PBXFileReference; lastKnownFileType = sourcecode.c.objc; path = YMediator.m; sourceTree = "<group>"; };
		2C78FBE324235B66006A7E60 /* YNotification.h */ = {isa = PBXFileReference; lastKnownFileType = sourcecode.c.h; path = YNotification.h; sourceTree = "<group>"; };
		2C78FBE424235B66006A7E60 /* YNotification.m */ = {isa = PBXFileReference; lastKnownFileType = sourcecode.c.objc; path = YNotification.m; sourceTree = "<group>"; };
		2C78FBE7242466C7006A7E60 /* ICONBLACK.png */ = {isa = PBXFileReference; lastKnownFileType = image.png; path = ICONBLACK.png; sourceTree = "<group>"; };
		2C7E5AEE2400BA980046D891 /* IndexListLoader.h */ = {isa = PBXFileReference; lastKnownFileType = sourcecode.c.h; path = IndexListLoader.h; sourceTree = "<group>"; };
		2C7E5AEF2400BA980046D891 /* IndexListLoader.m */ = {isa = PBXFileReference; lastKnownFileType = sourcecode.c.objc; path = IndexListLoader.m; sourceTree = "<group>"; };
		2CBDA658241C894A009C6D4C /* VideoToolBar.h */ = {isa = PBXFileReference; lastKnownFileType = sourcecode.c.h; path = VideoToolBar.h; sourceTree = "<group>"; };
		2CBDA659241C894A009C6D4C /* VideoToolBar.m */ = {isa = PBXFileReference; lastKnownFileType = sourcecode.c.objc; path = VideoToolBar.m; sourceTree = "<group>"; };
		2CBDA65B241D2FEF009C6D4C /* YUIScreen.h */ = {isa = PBXFileReference; lastKnownFileType = sourcecode.c.h; path = YUIScreen.h; sourceTree = "<group>"; };
		2CBDA65C241D2FEF009C6D4C /* YUIScreen.m */ = {isa = PBXFileReference; lastKnownFileType = sourcecode.c.objc; path = YUIScreen.m; sourceTree = "<group>"; };
		2CBDD04C2404D5A400AF1943 /* NewsItem.m */ = {isa = PBXFileReference; fileEncoding = 4; lastKnownFileType = sourcecode.c.objc; path = NewsItem.m; sourceTree = "<group>"; };
		2CBDD04D2404D5A400AF1943 /* NewsItem.h */ = {isa = PBXFileReference; fileEncoding = 4; lastKnownFileType = sourcecode.c.h; path = NewsItem.h; sourceTree = "<group>"; };
		2CBE78412424FE5B00CFC811 /* RecommendSectionController.h */ = {isa = PBXFileReference; lastKnownFileType = sourcecode.c.h; path = RecommendSectionController.h; sourceTree = "<group>"; };
		2CBE78422424FE5B00CFC811 /* RecommendSectionController.m */ = {isa = PBXFileReference; lastKnownFileType = sourcecode.c.objc; path = RecommendSectionController.m; sourceTree = "<group>"; };
		2CBE78442425C69200CFC811 /* YTabBarViewController.h */ = {isa = PBXFileReference; lastKnownFileType = sourcecode.c.h; path = YTabBarViewController.h; sourceTree = "<group>"; };
		2CBE78452425C69200CFC811 /* YTabBarViewController.m */ = {isa = PBXFileReference; lastKnownFileType = sourcecode.c.objc; path = YTabBarViewController.m; sourceTree = "<group>"; };
		2CBE78532425D14300CFC811 /* Prefix.pch */ = {isa = PBXFileReference; lastKnownFileType = sourcecode.c.h; path = Prefix.pch; sourceTree = "<group>"; };
		2CBE7855242603A800CFC811 /* Macro.h */ = {isa = PBXFileReference; fileEncoding = 4; lastKnownFileType = sourcecode.c.h; path = Macro.h; sourceTree = "<group>"; };
		2CBE7856242603A800CFC811 /* ApiMacro.h */ = {isa = PBXFileReference; fileEncoding = 4; lastKnownFileType = sourcecode.c.h; path = ApiMacro.h; sourceTree = "<group>"; };
		2CBE7857242603A800CFC811 /* Config.h */ = {isa = PBXFileReference; fileEncoding = 4; lastKnownFileType = sourcecode.c.h; path = Config.h; sourceTree = "<group>"; };
		2CBE7858242603A800CFC811 /* Noti.h */ = {isa = PBXFileReference; fileEncoding = 4; lastKnownFileType = sourcecode.c.h; path = Noti.h; sourceTree = "<group>"; };
		2CC6A520241F631C007A13CA /* SplashView.h */ = {isa = PBXFileReference; lastKnownFileType = sourcecode.c.h; path = SplashView.h; sourceTree = "<group>"; };
		2CC6A521241F631C007A13CA /* SplashView.m */ = {isa = PBXFileReference; lastKnownFileType = sourcecode.c.objc; path = SplashView.m; sourceTree = "<group>"; };
		2CD1F62B2418926D006BEFB2 /* VideoListCell.h */ = {isa = PBXFileReference; lastKnownFileType = sourcecode.c.h; path = VideoListCell.h; sourceTree = "<group>"; };
		2CD1F62C2418926D006BEFB2 /* VideoListCell.m */ = {isa = PBXFileReference; lastKnownFileType = sourcecode.c.objc; path = VideoListCell.m; sourceTree = "<group>"; };
		2CD1F62F241892F9006BEFB2 /* Video.h */ = {isa = PBXFileReference; lastKnownFileType = sourcecode.c.h; path = Video.h; sourceTree = "<group>"; };
		2CD1F630241892F9006BEFB2 /* Video.m */ = {isa = PBXFileReference; lastKnownFileType = sourcecode.c.objc; path = Video.m; sourceTree = "<group>"; };
		2CD473D22429C95C00545692 /* MasonryArrView.h */ = {isa = PBXFileReference; lastKnownFileType = sourcecode.c.h; path = MasonryArrView.h; sourceTree = "<group>"; };
		2CD473D32429C95C00545692 /* MasonryArrView.m */ = {isa = PBXFileReference; lastKnownFileType = sourcecode.c.objc; path = MasonryArrView.m; sourceTree = "<group>"; };
		2CD473D52429DADF00545692 /* MasonryMarginView.h */ = {isa = PBXFileReference; lastKnownFileType = sourcecode.c.h; path = MasonryMarginView.h; sourceTree = "<group>"; };
		2CD473D62429DADF00545692 /* MasonryMarginView.m */ = {isa = PBXFileReference; lastKnownFileType = sourcecode.c.objc; path = MasonryMarginView.m; sourceTree = "<group>"; };
		2CD473D82429E0F800545692 /* MasonryDistributeView.h */ = {isa = PBXFileReference; lastKnownFileType = sourcecode.c.h; path = MasonryDistributeView.h; sourceTree = "<group>"; };
		2CD473D92429E0F800545692 /* MasonryDistributeView.m */ = {isa = PBXFileReference; lastKnownFileType = sourcecode.c.objc; path = MasonryDistributeView.m; sourceTree = "<group>"; };
		2CD6739D23EE587D000F6ABF /* RecommendViewController.h */ = {isa = PBXFileReference; lastKnownFileType = sourcecode.c.h; path = RecommendViewController.h; sourceTree = "<group>"; };
		2CD6739E23EE587D000F6ABF /* RecommendViewController.m */ = {isa = PBXFileReference; lastKnownFileType = sourcecode.c.objc; path = RecommendViewController.m; sourceTree = "<group>"; };
		2CD673A023EE9453000F6ABF /* NewsTableViewCell.h */ = {isa = PBXFileReference; lastKnownFileType = sourcecode.c.h; path = NewsTableViewCell.h; sourceTree = "<group>"; };
		2CD673A123EE9453000F6ABF /* NewsTableViewCell.m */ = {isa = PBXFileReference; lastKnownFileType = sourcecode.c.objc; path = NewsTableViewCell.m; sourceTree = "<group>"; };
		2CD673A323F1049D000F6ABF /* MineViewController.h */ = {isa = PBXFileReference; lastKnownFileType = sourcecode.c.h; path = MineViewController.h; sourceTree = "<group>"; };
		2CD673A423F1049D000F6ABF /* MineViewController.m */ = {isa = PBXFileReference; lastKnownFileType = sourcecode.c.objc; path = MineViewController.m; sourceTree = "<group>"; };
		2CD673A623F1173D000F6ABF /* NewsDetailViewController.h */ = {isa = PBXFileReference; lastKnownFileType = sourcecode.c.h; path = NewsDetailViewController.h; sourceTree = "<group>"; };
		2CD673A723F1173D000F6ABF /* NewsDetailViewController.m */ = {isa = PBXFileReference; lastKnownFileType = sourcecode.c.objc; path = NewsDetailViewController.m; sourceTree = "<group>"; };
		2CD93731242254E700F90BFF /* QQLogin.h */ = {isa = PBXFileReference; lastKnownFileType = sourcecode.c.h; path = QQLogin.h; sourceTree = "<group>"; };
		2CD93732242254E700F90BFF /* QQLogin.m */ = {isa = PBXFileReference; lastKnownFileType = sourcecode.c.objc; path = QQLogin.m; sourceTree = "<group>"; };
		2CD9373524226EC400F90BFF /* UIImageView+Circle.h */ = {isa = PBXFileReference; lastKnownFileType = sourcecode.c.h; path = "UIImageView+Circle.h"; sourceTree = "<group>"; };
		2CD9373624226EC400F90BFF /* UIImageView+Circle.m */ = {isa = PBXFileReference; lastKnownFileType = sourcecode.c.objc; path = "UIImageView+Circle.m"; sourceTree = "<group>"; };
		2CD9373B24234BEF00F90BFF /* YLocation.h */ = {isa = PBXFileReference; lastKnownFileType = sourcecode.c.h; path = YLocation.h; sourceTree = "<group>"; };
		2CD9373C24234BEF00F90BFF /* YLocation.m */ = {isa = PBXFileReference; lastKnownFileType = sourcecode.c.objc; path = YLocation.m; sourceTree = "<group>"; };
		2CEBB4F224264AE90032B425 /* MasonryExampleViewController.h */ = {isa = PBXFileReference; lastKnownFileType = sourcecode.c.h; path = MasonryExampleViewController.h; sourceTree = "<group>"; };
		2CEBB4F324264AE90032B425 /* MasonryExampleViewController.m */ = {isa = PBXFileReference; lastKnownFileType = sourcecode.c.objc; path = MasonryExampleViewController.m; sourceTree = "<group>"; };
		2CEBB4F824264C640032B425 /* MasonryListTableViewController.h */ = {isa = PBXFileReference; lastKnownFileType = sourcecode.c.h; path = MasonryListTableViewController.h; sourceTree = "<group>"; };
		2CEBB4F924264C640032B425 /* MasonryListTableViewController.m */ = {isa = PBXFileReference; lastKnownFileType = sourcecode.c.objc; path = MasonryListTableViewController.m; sourceTree = "<group>"; };
		2CEBB4FC24264F4E0032B425 /* MasonryBasicView.h */ = {isa = PBXFileReference; lastKnownFileType = sourcecode.c.h; path = MasonryBasicView.h; sourceTree = "<group>"; };
		2CEBB4FD24264F4E0032B425 /* MasonryBasicView.m */ = {isa = PBXFileReference; lastKnownFileType = sourcecode.c.objc; path = MasonryBasicView.m; sourceTree = "<group>"; };
		2CFCE8662429A5F100D7E6A3 /* MasonryScrollView.h */ = {isa = PBXFileReference; lastKnownFileType = sourcecode.c.h; path = MasonryScrollView.h; sourceTree = "<group>"; };
		2CFCE8672429A5F100D7E6A3 /* MasonryScrollView.m */ = {isa = PBXFileReference; lastKnownFileType = sourcecode.c.objc; path = MasonryScrollView.m; sourceTree = "<group>"; };
		7E84C2A4249DFD61C45591BC /* libPods-sample.a */ = {isa = PBXFileReference; explicitFileType = archive.ar; includeInIndex = 0; path = "libPods-sample.a"; sourceTree = BUILT_PRODUCTS_DIR; };
/* End PBXFileReference section */

/* Begin PBXFrameworksBuildPhase section */
		2C231476242499CE00BEBD57 /* Frameworks */ = {
			isa = PBXFrameworksBuildPhase;
			buildActionMask = 2147483647;
			files = (
				2C23147B242499CE00BEBD57 /* NotificationCenter.framework in Frameworks */,
			);
			runOnlyForDeploymentPostprocessing = 0;
		};
		2C24C64623ED135400D906F5 /* Frameworks */ = {
			isa = PBXFrameworksBuildPhase;
			buildActionMask = 2147483647;
			files = (
				2C1B6D14242127BB0011D969 /* TencentOpenAPI.framework in Frameworks */,
				2C1B6D0E2421264B0011D969 /* CoreGraphics.framework in Frameworks */,
				0110AACF9C416E9B4DA4D447 /* libPods-sample.a in Frameworks */,
				2C1B6D10242126540011D969 /* CoreTelephony.framework in Frameworks */,
				2C1B6D0C242126400011D969 /* SystemConfiguration.framework in Frameworks */,
			);
			runOnlyForDeploymentPostprocessing = 0;
		};
/* End PBXFrameworksBuildPhase section */

/* Begin PBXGroup section */
		046907A02D39C7C8DBEA310D /* Pods */ = {
			isa = PBXGroup;
			children = (
				1F2B4BCB09D4842EA36444F9 /* Pods-sample.debug.xcconfig */,
				0D3FC53CB3589E7DE34A22ED /* Pods-sample.release.xcconfig */,
			);
			path = Pods;
			sourceTree = "<group>";
		};
		2C1BCA3C23FCE58E00924F3E /* News */ = {
			isa = PBXGroup;
			children = (
				2C7E5AED2400BA7D0046D891 /* loader */,
				2CBDD0482404D11B00AF1943 /* Model */,
				2C1BCA4023FCE68800924F3E /* View */,
				2CBDD0472404D0EF00AF1943 /* Controller */,
				2C1BCA4123FCE69400924F3E /* Detail */,
			);
			path = News;
			sourceTree = "<group>";
		};
		2C1BCA3D23FCE59D00924F3E /* Mine */ = {
			isa = PBXGroup;
			children = (
				2CD673A323F1049D000F6ABF /* MineViewController.h */,
				2CD673A423F1049D000F6ABF /* MineViewController.m */,
			);
			path = Mine;
			sourceTree = "<group>";
		};
		2C1BCA3E23FCE5A300924F3E /* Recommend */ = {
			isa = PBXGroup;
			children = (
				2CD6739D23EE587D000F6ABF /* RecommendViewController.h */,
				2CD6739E23EE587D000F6ABF /* RecommendViewController.m */,
				2CBE78412424FE5B00CFC811 /* RecommendSectionController.h */,
				2CBE78422424FE5B00CFC811 /* RecommendSectionController.m */,
			);
			path = Recommend;
			sourceTree = "<group>";
		};
		2C1BCA3F23FCE5B100924F3E /* Video */ = {
			isa = PBXGroup;
			children = (
				2CBDA657241C8935009C6D4C /* view */,
				2CD1F62E241892E9006BEFB2 /* model */,
				2CD1F62A24189243006BEFB2 /* cell */,
				2C14E67823ED536F005D992D /* VideoViewController.h */,
				2C14E67923ED536F005D992D /* VideoViewController.m */,
				2C5B838B2419D18D00B5102A /* VideoListLoader.h */,
				2C5B838C2419D18D00B5102A /* VideoListLoader.m */,
			);
			path = Video;
			sourceTree = "<group>";
		};
		2C1BCA4023FCE68800924F3E /* View */ = {
			isa = PBXGroup;
			children = (
				2C20FFBF23F64FD0009EF728 /* DeleteDialog.h */,
				2C20FFC023F64FD0009EF728 /* DeleteDialog.m */,
				2CD673A023EE9453000F6ABF /* NewsTableViewCell.h */,
				2CD673A123EE9453000F6ABF /* NewsTableViewCell.m */,
			);
			path = View;
			sourceTree = "<group>";
		};
		2C1BCA4123FCE69400924F3E /* Detail */ = {
			isa = PBXGroup;
			children = (
				2CD673A623F1173D000F6ABF /* NewsDetailViewController.h */,
				2CD673A723F1173D000F6ABF /* NewsDetailViewController.m */,
			);
			path = Detail;
			sourceTree = "<group>";
		};
		2C23147C242499CE00BEBD57 /* YToday */ = {
			isa = PBXGroup;
			children = (
				2C23148B24249B7500BEBD57 /* YToday.entitlements */,
				2C23147D242499CE00BEBD57 /* TodayViewController.h */,
				2C23147E242499CE00BEBD57 /* TodayViewController.m */,
				2C231483242499CE00BEBD57 /* Info.plist */,
			);
			path = YToday;
			sourceTree = "<group>";
		};
		2C24359A24285A57001279ED /* base */ = {
			isa = PBXGroup;
			children = (
				2C24359B24285A75001279ED /* BaseViewController.h */,
				2C24359C24285A75001279ED /* BaseViewController.m */,
				2C24359E24285B68001279ED /* BaseTableViewController.h */,
				2C24359F24285B68001279ED /* BaseTableViewController.m */,
			);
			path = base;
			sourceTree = "<group>";
		};
		2C24C64023ED135400D906F5 = {
			isa = PBXGroup;
			children = (
				2C24C64B23ED135400D906F5 /* sample */,
				2C23147C242499CE00BEBD57 /* YToday */,
				2C24C64A23ED135400D906F5 /* Products */,
				046907A02D39C7C8DBEA310D /* Pods */,
				732F51D4417DC7D209ED49E7 /* Frameworks */,
			);
			sourceTree = "<group>";
		};
		2C24C64A23ED135400D906F5 /* Products */ = {
			isa = PBXGroup;
			children = (
				2C24C64923ED135400D906F5 /* sample.app */,
				2C231479242499CE00BEBD57 /* YToday.appex */,
			);
			name = Products;
			sourceTree = "<group>";
		};
		2C24C64B23ED135400D906F5 /* sample */ = {
			isa = PBXGroup;
			children = (
				2C24359A24285A57001279ED /* base */,
				2CEBB4F124264AC60032B425 /* Masonry */,
				2CBE78542426038B00CFC811 /* Macros */,
				2C78FBE6242466A4006A7E60 /* AlternateIcons */,
				2CD9373424226E3A00F90BFF /* Category */,
				2C74E61C2420872400473C98 /* sample.entitlements */,
				2CC6A51F241F6306007A13CA /* Views */,
				2C5B838E241A873600B5102A /* Utils */,
				2C1BCA3F23FCE5B100924F3E /* Video */,
				2C1BCA3E23FCE5A300924F3E /* Recommend */,
				2C1BCA3D23FCE59D00924F3E /* Mine */,
				2C1BCA3C23FCE58E00924F3E /* News */,
				2C24C66523ED164D00D906F5 /* icon.bundle */,
				2C24C64C23ED135400D906F5 /* AppDelegate.h */,
				2C24C64D23ED135400D906F5 /* AppDelegate.m */,
				2C24C65823ED135500D906F5 /* Assets.xcassets */,
				2C24C65D23ED135500D906F5 /* Info.plist */,
				2C24C65E23ED135500D906F5 /* main.m */,
				2CBE78532425D14300CFC811 /* Prefix.pch */,
				2C74E61D2420960C00473C98 /* YMediator.h */,
				2C74E61E2420960C00473C98 /* YMediator.m */,
				2CBE78442425C69200CFC811 /* YTabBarViewController.h */,
				2CBE78452425C69200CFC811 /* YTabBarViewController.m */,
			);
			path = sample;
			sourceTree = "<group>";
		};
		2C5B838E241A873600B5102A /* Utils */ = {
			isa = PBXGroup;
			children = (
				2C5B838F241A874600B5102A /* YVideoPlayer.h */,
				2C5B8390241A874600B5102A /* YVideoPlayer.m */,
				2CBDA65B241D2FEF009C6D4C /* YUIScreen.h */,
				2CBDA65C241D2FEF009C6D4C /* YUIScreen.m */,
				2CD93731242254E700F90BFF /* QQLogin.h */,
				2CD93732242254E700F90BFF /* QQLogin.m */,
				2CD9373B24234BEF00F90BFF /* YLocation.h */,
				2CD9373C24234BEF00F90BFF /* YLocation.m */,
				2C78FBE324235B66006A7E60 /* YNotification.h */,
				2C78FBE424235B66006A7E60 /* YNotification.m */,
			);
			path = Utils;
			sourceTree = "<group>";
		};
		2C78FBE6242466A4006A7E60 /* AlternateIcons */ = {
			isa = PBXGroup;
			children = (
				2C78FBE7242466C7006A7E60 /* ICONBLACK.png */,
			);
			path = AlternateIcons;
			sourceTree = "<group>";
		};
		2C7E5AED2400BA7D0046D891 /* loader */ = {
			isa = PBXGroup;
			children = (
				2C7E5AEE2400BA980046D891 /* IndexListLoader.h */,
				2C7E5AEF2400BA980046D891 /* IndexListLoader.m */,
			);
			path = loader;
			sourceTree = "<group>";
		};
		2CBDA657241C8935009C6D4C /* view */ = {
			isa = PBXGroup;
			children = (
				2CBDA658241C894A009C6D4C /* VideoToolBar.h */,
				2CBDA659241C894A009C6D4C /* VideoToolBar.m */,
			);
			path = view;
			sourceTree = "<group>";
		};
		2CBDD0472404D0EF00AF1943 /* Controller */ = {
			isa = PBXGroup;
			children = (
				2C24C65223ED135400D906F5 /* NewsViewController.h */,
				2C24C65323ED135400D906F5 /* NewsViewController.m */,
			);
			path = Controller;
			sourceTree = "<group>";
		};
		2CBDD0482404D11B00AF1943 /* Model */ = {
			isa = PBXGroup;
			children = (
				2CBDD04D2404D5A400AF1943 /* NewsItem.h */,
				2CBDD04C2404D5A400AF1943 /* NewsItem.m */,
			);
			path = Model;
			sourceTree = "<group>";
		};
		2CBE78542426038B00CFC811 /* Macros */ = {
			isa = PBXGroup;
			children = (
				2CBE7856242603A800CFC811 /* ApiMacro.h */,
				2CBE7857242603A800CFC811 /* Config.h */,
				2CBE7855242603A800CFC811 /* Macro.h */,
				2CBE7858242603A800CFC811 /* Noti.h */,
			);
			path = Macros;
			sourceTree = "<group>";
		};
		2CC6A51F241F6306007A13CA /* Views */ = {
			isa = PBXGroup;
			children = (
				2CC6A520241F631C007A13CA /* SplashView.h */,
				2CC6A521241F631C007A13CA /* SplashView.m */,
				2C00351B2424B63D0095D3CF /* YSearchView.h */,
				2C00351C2424B63D0095D3CF /* YSearchView.m */,
				2C0035212424BF430095D3CF /* YCommentBar.h */,
				2C0035222424BF430095D3CF /* YCommentBar.m */,
			);
			path = Views;
			sourceTree = "<group>";
		};
		2CD1F62A24189243006BEFB2 /* cell */ = {
			isa = PBXGroup;
			children = (
				2CD1F62B2418926D006BEFB2 /* VideoListCell.h */,
				2CD1F62C2418926D006BEFB2 /* VideoListCell.m */,
			);
			path = cell;
			sourceTree = "<group>";
		};
		2CD1F62E241892E9006BEFB2 /* model */ = {
			isa = PBXGroup;
			children = (
				2CD1F62F241892F9006BEFB2 /* Video.h */,
				2CD1F630241892F9006BEFB2 /* Video.m */,
			);
			path = model;
			sourceTree = "<group>";
		};
		2CD9373424226E3A00F90BFF /* Category */ = {
			isa = PBXGroup;
			children = (
				2CD9373524226EC400F90BFF /* UIImageView+Circle.h */,
				2CD9373624226EC400F90BFF /* UIImageView+Circle.m */,
			);
			path = Category;
			sourceTree = "<group>";
		};
		2CEBB4F124264AC60032B425 /* Masonry */ = {
			isa = PBXGroup;
			children = (
				2CEBB4FB24264F2A0032B425 /* ExampleView */,
				2CEBB4F224264AE90032B425 /* MasonryExampleViewController.h */,
				2CEBB4F324264AE90032B425 /* MasonryExampleViewController.m */,
				2CEBB4F824264C640032B425 /* MasonryListTableViewController.h */,
				2CEBB4F924264C640032B425 /* MasonryListTableViewController.m */,
			);
			path = Masonry;
			sourceTree = "<group>";
		};
		2CEBB4FB24264F2A0032B425 /* ExampleView */ = {
			isa = PBXGroup;
			children = (
				2CEBB4FC24264F4E0032B425 /* MasonryBasicView.h */,
				2C2435A124287CD7001279ED /* MasonryremakeView.h */,
				2C2435A224287CD7001279ED /* MasonryremakeView.m */,
				2C2435A424288942001279ED /* MasonryConstantsView.h */,
				2C2435A524288942001279ED /* MasonryConstantsView.m */,
				2C2435AA24289B61001279ED /* MasonryAspectView.h */,
				2C2435AB24289B61001279ED /* MasonryAspectView.m */,
				2C2435AD2428B06B001279ED /* MasonryBasicAnimatedView.h */,
				2C2435AE2428B06B001279ED /* MasonryBasicAnimatedView.m */,
				2CFCE8662429A5F100D7E6A3 /* MasonryScrollView.h */,
				2CFCE8672429A5F100D7E6A3 /* MasonryScrollView.m */,
				2CD473D22429C95C00545692 /* MasonryArrView.h */,
				2CD473D32429C95C00545692 /* MasonryArrView.m */,
				2CD473D52429DADF00545692 /* MasonryMarginView.h */,
				2CD473D62429DADF00545692 /* MasonryMarginView.m */,
				2CD473D82429E0F800545692 /* MasonryDistributeView.h */,
				2CD473D92429E0F800545692 /* MasonryDistributeView.m */,
				2C2435A724289244001279ED /* MasonrySidesView.h */,
				2C2435A824289244001279ED /* MasonrySidesView.m */,
				2CEBB4FD24264F4E0032B425 /* MasonryBasicView.m */,
			);
			path = ExampleView;
			sourceTree = "<group>";
		};
		732F51D4417DC7D209ED49E7 /* Frameworks */ = {
			isa = PBXGroup;
			children = (
				2C1B6D13242127BB0011D969 /* TencentOpenAPI.framework */,
				2C1B6D12242127120011D969 /* libsqlite3.tbd */,
				2C1B6D112421270B0011D969 /* libiconv.tbd */,
				2C1B6D0F242126540011D969 /* CoreTelephony.framework */,
				2C1B6D0D2421264B0011D969 /* CoreGraphics.framework */,
				2C1B6D0B242126400011D969 /* SystemConfiguration.framework */,
				7E84C2A4249DFD61C45591BC /* libPods-sample.a */,
				2C23147A242499CE00BEBD57 /* NotificationCenter.framework */,
			);
			name = Frameworks;
			sourceTree = "<group>";
		};
/* End PBXGroup section */

/* Begin PBXNativeTarget section */
		2C231478242499CE00BEBD57 /* YToday */ = {
			isa = PBXNativeTarget;
			buildConfigurationList = 2C231487242499CE00BEBD57 /* Build configuration list for PBXNativeTarget "YToday" */;
			buildPhases = (
				2C231475242499CE00BEBD57 /* Sources */,
				2C231476242499CE00BEBD57 /* Frameworks */,
				2C231477242499CE00BEBD57 /* Resources */,
			);
			buildRules = (
			);
			dependencies = (
			);
			name = YToday;
			productName = YToday;
			productReference = 2C231479242499CE00BEBD57 /* YToday.appex */;
			productType = "com.apple.product-type.app-extension";
		};
		2C24C64823ED135400D906F5 /* sample */ = {
			isa = PBXNativeTarget;
			buildConfigurationList = 2C24C66223ED135500D906F5 /* Build configuration list for PBXNativeTarget "sample" */;
			buildPhases = (
				96EA83E12EA8CF95A0F8070E /* [CP] Check Pods Manifest.lock */,
				2C24C64523ED135400D906F5 /* Sources */,
				2C24C64623ED135400D906F5 /* Frameworks */,
				2C24C64723ED135400D906F5 /* Resources */,
				883B00E0B0AFEF7793F7C78A /* [CP] Copy Pods Resources */,
				2C23148A242499CE00BEBD57 /* Embed App Extensions */,
			);
			buildRules = (
			);
			dependencies = (
				2C231485242499CE00BEBD57 /* PBXTargetDependency */,
			);
			name = sample;
			productName = sample;
			productReference = 2C24C64923ED135400D906F5 /* sample.app */;
			productType = "com.apple.product-type.application";
		};
/* End PBXNativeTarget section */

/* Begin PBXProject section */
		2C24C64123ED135400D906F5 /* Project object */ = {
			isa = PBXProject;
			attributes = {
				LastUpgradeCheck = 1120;
				ORGANIZATIONNAME = ysnows;
				TargetAttributes = {
					2C231478242499CE00BEBD57 = {
						CreatedOnToolsVersion = 11.3.1;
					};
					2C24C64823ED135400D906F5 = {
						CreatedOnToolsVersion = 11.2.1;
					};
				};
			};
			buildConfigurationList = 2C24C64423ED135400D906F5 /* Build configuration list for PBXProject "sample" */;
			compatibilityVersion = "Xcode 9.3";
			developmentRegion = en;
			hasScannedForEncodings = 0;
			knownRegions = (
				en,
				Base,
			);
			mainGroup = 2C24C64023ED135400D906F5;
			productRefGroup = 2C24C64A23ED135400D906F5 /* Products */;
			projectDirPath = "";
			projectRoot = "";
			targets = (
				2C24C64823ED135400D906F5 /* sample */,
				2C231478242499CE00BEBD57 /* YToday */,
			);
		};
/* End PBXProject section */

/* Begin PBXResourcesBuildPhase section */
		2C231477242499CE00BEBD57 /* Resources */ = {
			isa = PBXResourcesBuildPhase;
			buildActionMask = 2147483647;
			files = (
			);
			runOnlyForDeploymentPostprocessing = 0;
		};
		2C24C64723ED135400D906F5 /* Resources */ = {
			isa = PBXResourcesBuildPhase;
			buildActionMask = 2147483647;
			files = (
				2C24C66623ED164D00D906F5 /* icon.bundle in Resources */,
				2C78FBE8242466C7006A7E60 /* ICONBLACK.png in Resources */,
				2C24C65923ED135500D906F5 /* Assets.xcassets in Resources */,
			);
			runOnlyForDeploymentPostprocessing = 0;
		};
/* End PBXResourcesBuildPhase section */

/* Begin PBXShellScriptBuildPhase section */
		883B00E0B0AFEF7793F7C78A /* [CP] Copy Pods Resources */ = {
			isa = PBXShellScriptBuildPhase;
			buildActionMask = 2147483647;
			files = (
			);
			inputFileListPaths = (
				"${PODS_ROOT}/Target Support Files/Pods-sample/Pods-sample-resources-${CONFIGURATION}-input-files.xcfilelist",
			);
			name = "[CP] Copy Pods Resources";
			outputFileListPaths = (
				"${PODS_ROOT}/Target Support Files/Pods-sample/Pods-sample-resources-${CONFIGURATION}-output-files.xcfilelist",
			);
			runOnlyForDeploymentPostprocessing = 0;
			shellPath = /bin/sh;
			shellScript = "\"${PODS_ROOT}/Target Support Files/Pods-sample/Pods-sample-resources.sh\"\n";
			showEnvVarsInLog = 0;
		};
		96EA83E12EA8CF95A0F8070E /* [CP] Check Pods Manifest.lock */ = {
			isa = PBXShellScriptBuildPhase;
			buildActionMask = 2147483647;
			files = (
			);
			inputFileListPaths = (
			);
			inputPaths = (
				"${PODS_PODFILE_DIR_PATH}/Podfile.lock",
				"${PODS_ROOT}/Manifest.lock",
			);
			name = "[CP] Check Pods Manifest.lock";
			outputFileListPaths = (
			);
			outputPaths = (
				"$(DERIVED_FILE_DIR)/Pods-sample-checkManifestLockResult.txt",
			);
			runOnlyForDeploymentPostprocessing = 0;
			shellPath = /bin/sh;
			shellScript = "diff \"${PODS_PODFILE_DIR_PATH}/Podfile.lock\" \"${PODS_ROOT}/Manifest.lock\" > /dev/null\nif [ $? != 0 ] ; then\n    # print error to STDERR\n    echo \"error: The sandbox is not in sync with the Podfile.lock. Run 'pod install' or update your CocoaPods installation.\" >&2\n    exit 1\nfi\n# This output is used by Xcode 'outputs' to avoid re-running this script phase.\necho \"SUCCESS\" > \"${SCRIPT_OUTPUT_FILE_0}\"\n";
			showEnvVarsInLog = 0;
		};
/* End PBXShellScriptBuildPhase section */

/* Begin PBXSourcesBuildPhase section */
		2C231475242499CE00BEBD57 /* Sources */ = {
			isa = PBXSourcesBuildPhase;
			buildActionMask = 2147483647;
			files = (
				2C23147F242499CE00BEBD57 /* TodayViewController.m in Sources */,
			);
			runOnlyForDeploymentPostprocessing = 0;
		};
		2C24C64523ED135400D906F5 /* Sources */ = {
			isa = PBXSourcesBuildPhase;
			buildActionMask = 2147483647;
			files = (
				2CD9373724226EC400F90BFF /* UIImageView+Circle.m in Sources */,
				2CC6A522241F631C007A13CA /* SplashView.m in Sources */,
				2C78FBE524235B66006A7E60 /* YNotification.m in Sources */,
				2C2435A324287CD7001279ED /* MasonryremakeView.m in Sources */,
				2C14E67A23ED536F005D992D /* VideoViewController.m in Sources */,
				2CFCE8682429A5F100D7E6A3 /* MasonryScrollView.m in Sources */,
				2C24C65423ED135400D906F5 /* NewsViewController.m in Sources */,
				2CD673A823F1173D000F6ABF /* NewsDetailViewController.m in Sources */,
				2CD473D72429DADF00545692 /* MasonryMarginView.m in Sources */,
				2C24C64E23ED135400D906F5 /* AppDelegate.m in Sources */,
				2C2435A624288942001279ED /* MasonryConstantsView.m in Sources */,
				2CD1F62D2418926D006BEFB2 /* VideoListCell.m in Sources */,
				2CBDA65D241D2FEF009C6D4C /* YUIScreen.m in Sources */,
				2CEBB4F424264AE90032B425 /* MasonryExampleViewController.m in Sources */,
				2C24C65F23ED135500D906F5 /* main.m in Sources */,
				2C5B8391241A874600B5102A /* YVideoPlayer.m in Sources */,
				2C2435AC24289B61001279ED /* MasonryAspectView.m in Sources */,
				2CBE78432424FE5B00CFC811 /* RecommendSectionController.m in Sources */,
				2CBDA65A241C894A009C6D4C /* VideoToolBar.m in Sources */,
				2CD473D42429C95C00545692 /* MasonryArrView.m in Sources */,
				2CD6739F23EE587D000F6ABF /* RecommendViewController.m in Sources */,
				2CEBB4FE24264F4E0032B425 /* MasonryBasicView.m in Sources */,
				2C74E61F2420960C00473C98 /* YMediator.m in Sources */,
				2C24359D24285A75001279ED /* BaseViewController.m in Sources */,
				2CD673A223EE9453000F6ABF /* NewsTableViewCell.m in Sources */,
				2C2435A924289244001279ED /* MasonrySidesView.m in Sources */,
				2C20FFC123F64FD0009EF728 /* DeleteDialog.m in Sources */,
				2CBDD04E2404D5A400AF1943 /* NewsItem.m in Sources */,
				2C00351D2424B63D0095D3CF /* YSearchView.m in Sources */,
				2C2435A024285B68001279ED /* BaseTableViewController.m in Sources */,
				2C5B838D2419D18D00B5102A /* VideoListLoader.m in Sources */,
				2CD9373D24234BEF00F90BFF /* YLocation.m in Sources */,
				2C0035232424BF430095D3CF /* YCommentBar.m in Sources */,
				2CD673A523F1049D000F6ABF /* MineViewController.m in Sources */,
				2C7E5AF02400BA980046D891 /* IndexListLoader.m in Sources */,
				2CBE78462425C69200CFC811 /* YTabBarViewController.m in Sources */,
				2CEBB4FA24264C640032B425 /* MasonryListTableViewController.m in Sources */,
				2CD93733242254E700F90BFF /* QQLogin.m in Sources */,
				2CD1F631241892F9006BEFB2 /* Video.m in Sources */,
				2CD473DA2429E0F800545692 /* MasonryDistributeView.m in Sources */,
				2C2435AF2428B06B001279ED /* MasonryBasicAnimatedView.m in Sources */,
			);
			runOnlyForDeploymentPostprocessing = 0;
		};
/* End PBXSourcesBuildPhase section */

/* Begin PBXTargetDependency section */
		2C231485242499CE00BEBD57 /* PBXTargetDependency */ = {
			isa = PBXTargetDependency;
			target = 2C231478242499CE00BEBD57 /* YToday */;
			targetProxy = 2C231484242499CE00BEBD57 /* PBXContainerItemProxy */;
		};
/* End PBXTargetDependency section */

/* Begin XCBuildConfiguration section */
		2C231488242499CE00BEBD57 /* Debug */ = {
			isa = XCBuildConfiguration;
			buildSettings = {
				CODE_SIGN_ENTITLEMENTS = YToday/YToday.entitlements;
				CODE_SIGN_IDENTITY = "iPhone Developer";
				CODE_SIGN_STYLE = Manual;
				DEVELOPMENT_TEAM = 89P23K5S54;
				INFOPLIST_FILE = YToday/Info.plist;
				LD_RUNPATH_SEARCH_PATHS = (
					"$(inherited)",
					"@executable_path/Frameworks",
					"@executable_path/../../Frameworks",
				);
				PRODUCT_BUNDLE_IDENTIFIER = com.ysnows.sample.YToday;
				PRODUCT_NAME = "$(TARGET_NAME)";
				PROVISIONING_PROFILE_SPECIFIER = "ysnows's sample'YToday";
				SKIP_INSTALL = YES;
				TARGETED_DEVICE_FAMILY = 1;
			};
			name = Debug;
		};
		2C231489242499CE00BEBD57 /* Release */ = {
			isa = XCBuildConfiguration;
			buildSettings = {
				CODE_SIGN_ENTITLEMENTS = YToday/YToday.entitlements;
				CODE_SIGN_IDENTITY = "iPhone Developer";
				CODE_SIGN_STYLE = Manual;
				DEVELOPMENT_TEAM = 89P23K5S54;
				INFOPLIST_FILE = YToday/Info.plist;
				LD_RUNPATH_SEARCH_PATHS = (
					"$(inherited)",
					"@executable_path/Frameworks",
					"@executable_path/../../Frameworks",
				);
				PRODUCT_BUNDLE_IDENTIFIER = com.ysnows.sample.YToday;
				PRODUCT_NAME = "$(TARGET_NAME)";
				PROVISIONING_PROFILE_SPECIFIER = "ysnows's sample'YToday";
				SKIP_INSTALL = YES;
				TARGETED_DEVICE_FAMILY = 1;
			};
			name = Release;
		};
		2C24C66023ED135500D906F5 /* Debug */ = {
			isa = XCBuildConfiguration;
			buildSettings = {
				ALWAYS_SEARCH_USER_PATHS = NO;
				CLANG_ANALYZER_NONNULL = YES;
				CLANG_ANALYZER_NUMBER_OBJECT_CONVERSION = YES_AGGRESSIVE;
				CLANG_CXX_LANGUAGE_STANDARD = "gnu++14";
				CLANG_CXX_LIBRARY = "libc++";
				CLANG_ENABLE_MODULES = YES;
				CLANG_ENABLE_OBJC_ARC = YES;
				CLANG_ENABLE_OBJC_WEAK = YES;
				CLANG_WARN_BLOCK_CAPTURE_AUTORELEASING = YES;
				CLANG_WARN_BOOL_CONVERSION = YES;
				CLANG_WARN_COMMA = YES;
				CLANG_WARN_CONSTANT_CONVERSION = YES;
				CLANG_WARN_DEPRECATED_OBJC_IMPLEMENTATIONS = YES;
				CLANG_WARN_DIRECT_OBJC_ISA_USAGE = YES_ERROR;
				CLANG_WARN_DOCUMENTATION_COMMENTS = YES;
				CLANG_WARN_EMPTY_BODY = YES;
				CLANG_WARN_ENUM_CONVERSION = YES;
				CLANG_WARN_INFINITE_RECURSION = YES;
				CLANG_WARN_INT_CONVERSION = YES;
				CLANG_WARN_NON_LITERAL_NULL_CONVERSION = YES;
				CLANG_WARN_OBJC_IMPLICIT_RETAIN_SELF = YES;
				CLANG_WARN_OBJC_LITERAL_CONVERSION = YES;
				CLANG_WARN_OBJC_ROOT_CLASS = YES_ERROR;
				CLANG_WARN_RANGE_LOOP_ANALYSIS = YES;
				CLANG_WARN_STRICT_PROTOTYPES = YES;
				CLANG_WARN_SUSPICIOUS_MOVE = YES;
				CLANG_WARN_UNGUARDED_AVAILABILITY = YES_AGGRESSIVE;
				CLANG_WARN_UNREACHABLE_CODE = YES;
				CLANG_WARN__DUPLICATE_METHOD_MATCH = YES;
				COPY_PHASE_STRIP = NO;
				DEBUG_INFORMATION_FORMAT = dwarf;
				ENABLE_STRICT_OBJC_MSGSEND = YES;
				ENABLE_TESTABILITY = YES;
				GCC_C_LANGUAGE_STANDARD = gnu11;
				GCC_DYNAMIC_NO_PIC = NO;
				GCC_NO_COMMON_BLOCKS = YES;
				GCC_OPTIMIZATION_LEVEL = 0;
				GCC_PREPROCESSOR_DEFINITIONS = (
					"DEBUG=1",
					"$(inherited)",
				);
				GCC_WARN_64_TO_32_BIT_CONVERSION = YES;
				GCC_WARN_ABOUT_RETURN_TYPE = YES_ERROR;
				GCC_WARN_UNDECLARED_SELECTOR = YES;
				GCC_WARN_UNINITIALIZED_AUTOS = YES_AGGRESSIVE;
				GCC_WARN_UNUSED_FUNCTION = YES;
				GCC_WARN_UNUSED_VARIABLE = YES;
				IPHONEOS_DEPLOYMENT_TARGET = 13.2;
				MTL_ENABLE_DEBUG_INFO = INCLUDE_SOURCE;
				MTL_FAST_MATH = YES;
				ONLY_ACTIVE_ARCH = YES;
				SDKROOT = iphoneos;
			};
			name = Debug;
		};
		2C24C66123ED135500D906F5 /* Release */ = {
			isa = XCBuildConfiguration;
			buildSettings = {
				ALWAYS_SEARCH_USER_PATHS = NO;
				CLANG_ANALYZER_NONNULL = YES;
				CLANG_ANALYZER_NUMBER_OBJECT_CONVERSION = YES_AGGRESSIVE;
				CLANG_CXX_LANGUAGE_STANDARD = "gnu++14";
				CLANG_CXX_LIBRARY = "libc++";
				CLANG_ENABLE_MODULES = YES;
				CLANG_ENABLE_OBJC_ARC = YES;
				CLANG_ENABLE_OBJC_WEAK = YES;
				CLANG_WARN_BLOCK_CAPTURE_AUTORELEASING = YES;
				CLANG_WARN_BOOL_CONVERSION = YES;
				CLANG_WARN_COMMA = YES;
				CLANG_WARN_CONSTANT_CONVERSION = YES;
				CLANG_WARN_DEPRECATED_OBJC_IMPLEMENTATIONS = YES;
				CLANG_WARN_DIRECT_OBJC_ISA_USAGE = YES_ERROR;
				CLANG_WARN_DOCUMENTATION_COMMENTS = YES;
				CLANG_WARN_EMPTY_BODY = YES;
				CLANG_WARN_ENUM_CONVERSION = YES;
				CLANG_WARN_INFINITE_RECURSION = YES;
				CLANG_WARN_INT_CONVERSION = YES;
				CLANG_WARN_NON_LITERAL_NULL_CONVERSION = YES;
				CLANG_WARN_OBJC_IMPLICIT_RETAIN_SELF = YES;
				CLANG_WARN_OBJC_LITERAL_CONVERSION = YES;
				CLANG_WARN_OBJC_ROOT_CLASS = YES_ERROR;
				CLANG_WARN_RANGE_LOOP_ANALYSIS = YES;
				CLANG_WARN_STRICT_PROTOTYPES = YES;
				CLANG_WARN_SUSPICIOUS_MOVE = YES;
				CLANG_WARN_UNGUARDED_AVAILABILITY = YES_AGGRESSIVE;
				CLANG_WARN_UNREACHABLE_CODE = YES;
				CLANG_WARN__DUPLICATE_METHOD_MATCH = YES;
				COPY_PHASE_STRIP = NO;
				DEBUG_INFORMATION_FORMAT = "dwarf-with-dsym";
				ENABLE_NS_ASSERTIONS = NO;
				ENABLE_STRICT_OBJC_MSGSEND = YES;
				GCC_C_LANGUAGE_STANDARD = gnu11;
				GCC_NO_COMMON_BLOCKS = YES;
				GCC_WARN_64_TO_32_BIT_CONVERSION = YES;
				GCC_WARN_ABOUT_RETURN_TYPE = YES_ERROR;
				GCC_WARN_UNDECLARED_SELECTOR = YES;
				GCC_WARN_UNINITIALIZED_AUTOS = YES_AGGRESSIVE;
				GCC_WARN_UNUSED_FUNCTION = YES;
				GCC_WARN_UNUSED_VARIABLE = YES;
				IPHONEOS_DEPLOYMENT_TARGET = 13.2;
				MTL_ENABLE_DEBUG_INFO = NO;
				MTL_FAST_MATH = YES;
				SDKROOT = iphoneos;
				VALIDATE_PRODUCT = YES;
			};
			name = Release;
		};
		2C24C66323ED135500D906F5 /* Debug */ = {
			isa = XCBuildConfiguration;
			baseConfigurationReference = 1F2B4BCB09D4842EA36444F9 /* Pods-sample.debug.xcconfig */;
			buildSettings = {
				ASSETCATALOG_COMPILER_APPICON_NAME = AppIcon;
				ASSETCATALOG_COMPILER_LAUNCHIMAGE_NAME = LaunchImage;
				CODE_SIGN_ENTITLEMENTS = sample/sample.entitlements;
				CODE_SIGN_IDENTITY = "iPhone Developer";
				CODE_SIGN_STYLE = Manual;
				DEVELOPMENT_TEAM = 89P23K5S54;
				ENABLE_BITCODE = YES;
				FRAMEWORK_SEARCH_PATHS = (
					"$(PROJECT_DIR)",
					"/Applications/Reveal.app/Contents/SharedSupport/iOS-Libraries",
				);
				GCC_PREFIX_HEADER = "$(SRCROOT)/sample/Prefix.pch";
				INFOPLIST_FILE = sample/Info.plist;
				IPHONEOS_DEPLOYMENT_TARGET = 12.2;
				LD_RUNPATH_SEARCH_PATHS = (
					"$(inherited)",
					"@executable_path/Frameworks",
				);
				OTHER_CFLAGS = (
					"$(inherited)",
					"-DFB_SONARKIT_ENABLED=1",
				);
				OTHER_LDFLAGS = (
					"$(inherited)",
					"-ObjC",
					"-all_load",
					"-fobjc-arc",
				);
				PRODUCT_BUNDLE_IDENTIFIER = com.ysnows.sample;
				PRODUCT_NAME = "$(TARGET_NAME)";
				PROVISIONING_PROFILE_SPECIFIER = "ysnows's sample";
				TARGETED_DEVICE_FAMILY = "1,2";
			};
			name = Debug;
		};
		2C24C66423ED135500D906F5 /* Release */ = {
			isa = XCBuildConfiguration;
			baseConfigurationReference = 0D3FC53CB3589E7DE34A22ED /* Pods-sample.release.xcconfig */;
			buildSettings = {
				ASSETCATALOG_COMPILER_APPICON_NAME = AppIcon;
				ASSETCATALOG_COMPILER_LAUNCHIMAGE_NAME = LaunchImage;
				CODE_SIGN_ENTITLEMENTS = sample/sample.entitlements;
				CODE_SIGN_IDENTITY = "iPhone Developer";
				CODE_SIGN_STYLE = Manual;
				DEVELOPMENT_TEAM = 89P23K5S54;
				ENABLE_BITCODE = YES;
				FRAMEWORK_SEARCH_PATHS = (
					"$(PROJECT_DIR)",
					"/Applications/Reveal.app/Contents/SharedSupport/iOS-Libraries",
				);
				GCC_PREFIX_HEADER = "$(SRCROOT)/sample/Prefix.pch";
				INFOPLIST_FILE = sample/Info.plist;
				IPHONEOS_DEPLOYMENT_TARGET = 12.2;
				LD_RUNPATH_SEARCH_PATHS = (
					"$(inherited)",
					"@executable_path/Frameworks",
				);
				OTHER_CFLAGS = (
					"$(inherited)",
					"-DFB_SONARKIT_ENABLED=1",
				);
				OTHER_LDFLAGS = (
					"$(inherited)",
					"-ObjC",
					"-all_load",
					"-fobjc-arc",
				);
				PRODUCT_BUNDLE_IDENTIFIER = com.ysnows.sample;
				PRODUCT_NAME = "$(TARGET_NAME)";
				PROVISIONING_PROFILE_SPECIFIER = "ysnows's sample";
				TARGETED_DEVICE_FAMILY = "1,2";
			};
			name = Release;
		};
/* End XCBuildConfiguration section */

/* Begin XCConfigurationList section */
		2C231487242499CE00BEBD57 /* Build configuration list for PBXNativeTarget "YToday" */ = {
			isa = XCConfigurationList;
			buildConfigurations = (
				2C231488242499CE00BEBD57 /* Debug */,
				2C231489242499CE00BEBD57 /* Release */,
			);
			defaultConfigurationIsVisible = 0;
			defaultConfigurationName = Release;
		};
		2C24C64423ED135400D906F5 /* Build configuration list for PBXProject "sample" */ = {
			isa = XCConfigurationList;
			buildConfigurations = (
				2C24C66023ED135500D906F5 /* Debug */,
				2C24C66123ED135500D906F5 /* Release */,
			);
			defaultConfigurationIsVisible = 0;
			defaultConfigurationName = Release;
		};
		2C24C66223ED135500D906F5 /* Build configuration list for PBXNativeTarget "sample" */ = {
			isa = XCConfigurationList;
			buildConfigurations = (
				2C24C66323ED135500D906F5 /* Debug */,
				2C24C66423ED135500D906F5 /* Release */,
			);
			defaultConfigurationIsVisible = 0;
			defaultConfigurationName = Release;
		};
/* End XCConfigurationList section */
	};
	rootObject = 2C24C64123ED135400D906F5 /* Project object */;
}
